{
  "name": "Documents",
  "lockfileVersion": 3,
  "requires": true,
  "packages": {
    "": {
      "dependencies": {
        "@univmarcomm/rochester-design-tokens": "^0.3.0"
      }
    },
    "node_modules/@univmarcomm/rochester-design-tokens": {
      "version": "0.3.0",
      "resolved": "https://git.its.rochester.edu/api/v4/projects/864/packages/npm/@univmarcomm/rochester-design-tokens/-/@univmarcomm/rochester-design-tokens-0.3.0.tgz",
      "integrity": "sha1-GSPJm43JneiJASdzIpLr3I9SZo0=",
      "engines": {
        "node": "^22.10.0"
      }
    }
  }
}
